
Microsoft Visual Studio Solution File, Format Version 12.00
# Visual Studio Version 16
VisualStudioVersion = 16.0.33927.289
MinimumVisualStudioVersion = 10.0.40219.1
Project("{2150E333-8FDC-42A3-9474-1A3956D46DE8}") = "Task0", "Task0", "{E46E4B3F-A03B-436A-B3E3-B05AA6DF3245}"
EndProject
Project("{FAE04EC0-301F-11D3-BF4B-00C04F79EFBC}") = "Tyuiu.DolgushinVA.Sprint4.Task0.V19", "Tyuiu.DolgushinVA.Sprint4.Task0.V19\Tyuiu.DolgushinVA.Sprint4.Task0.V19.csproj", "{8B4268D7-170D-4B94-B98F-2860A4C02DA0}"
EndProject
Project("{FAE04EC0-301F-11D3-BF4B-00C04F79EFBC}") = "Tyuiu.DolgushinVA.Sprint4.Task0.V19.Lib", "Tyuiu.DolgushinVA.Sprint4.Task0.V19.Lib\Tyuiu.DolgushinVA.Sprint4.Task0.V19.Lib.csproj", "{66517731-61C0-4128-88E2-27794F03FD46}"
EndProject
Project("{FAE04EC0-301F-11D3-BF4B-00C04F79EFBC}") = "Tyuiu.DolgushinVA.Sprint4.Task0.V19.Test", "Tyuiu.DolgushinVA.Sprint4.Task0.V19.Test\Tyuiu.DolgushinVA.Sprint4.Task0.V19.Test.csproj", "{2A6C84AA-3C27-4B9D-B911-F82035C08EDC}"
EndProject
Project("{2150E333-8FDC-42A3-9474-1A3956D46DE8}") = "Task1", "Task1", "{9DAC9C6E-012D-4CAF-841C-2BEB0375B9B7}"
EndProject
Project("{FAE04EC0-301F-11D3-BF4B-00C04F79EFBC}") = "Tyuiu.DolgushinVA.Sprint4.Task1.V27", "Tyuiu.DolgushinVA.Sprint4.Task1.V27\Tyuiu.DolgushinVA.Sprint4.Task1.V27.csproj", "{A2435DEB-B242-406E-861B-C7D81C603F4E}"
EndProject
Project("{FAE04EC0-301F-11D3-BF4B-00C04F79EFBC}") = "Tyuiu.DolgushinVA.Sprint4.Task1.V27.Lib", "Tyuiu.DolgushinVA.Sprint4.Task1.V27.Lib\Tyuiu.DolgushinVA.Sprint4.Task1.V27.Lib.csproj", "{66D7EFCE-1E17-40E0-A9F4-8CFE2585E005}"
EndProject
Project("{FAE04EC0-301F-11D3-BF4B-00C04F79EFBC}") = "Tyuiu.DolgushinVA.Sprint4.Task1.V27.Test", "Tyuiu.DolgushinVA.Sprint4.Task1.V27.Test\Tyuiu.DolgushinVA.Sprint4.Task1.V27.Test.csproj", "{ACF752B0-1927-498E-9E34-FD4BD3E72FB8}"
EndProject
Project("{2150E333-8FDC-42A3-9474-1A3956D46DE8}") = "Task2", "Task2", "{D03DD4D4-4427-420F-B2CC-2FB85064C3D3}"
EndProject
Project("{FAE04EC0-301F-11D3-BF4B-00C04F79EFBC}") = "Tyuiu.DolgushinVA.Sprint4.Task2.V19", "Tyuiu.DolgushinVA.Sprint4.Task2.V19\Tyuiu.DolgushinVA.Sprint4.Task2.V19.csproj", "{151B1019-8429-44CA-B585-A865497FA1B6}"
EndProject
Project("{FAE04EC0-301F-11D3-BF4B-00C04F79EFBC}") = "Tyuiu.DolgushinVA.Sprint4.Task2.V19.Lib", "Tyuiu.DolgushinVA.Sprint4.Task2.V19.Lib\Tyuiu.DolgushinVA.Sprint4.Task2.V19.Lib.csproj", "{1E6C6505-9B25-4ACC-8049-22F7A154BE98}"
EndProject
Project("{FAE04EC0-301F-11D3-BF4B-00C04F79EFBC}") = "Tyuiu.DolgushinVA.Sprint4.Task2.V19.Test", "Tyuiu.DolgushinVA.Sprint4.Task2.V19.Test\Tyuiu.DolgushinVA.Sprint4.Task2.V19.Test.csproj", "{23038728-E8FE-4F2F-B3CB-1F98CFCD572B}"
EndProject
Project("{2150E333-8FDC-42A3-9474-1A3956D46DE8}") = "Task3", "Task3", "{F6E8DBEF-5E53-40EF-A6EF-B17E70150CFE}"
EndProject
Project("{FAE04EC0-301F-11D3-BF4B-00C04F79EFBC}") = "Tyuiu.DolgushinVA.Sprint4.Task3.V8", "Tyuiu.DolgushinVA.Sprint4.Task3.V8\Tyuiu.DolgushinVA.Sprint4.Task3.V8.csproj", "{64F5CDFC-3263-495E-B3DF-8EB39921D409}"
EndProject
Project("{FAE04EC0-301F-11D3-BF4B-00C04F79EFBC}") = "Tyuiu.DolgushinVA.Sprint4.Task3.V8.Lib", "Tyuiu.DolgushinVA.Sprint4.Task3.V8.Lib\Tyuiu.DolgushinVA.Sprint4.Task3.V8.Lib.csproj", "{2AA3D8C9-6E32-40DE-B0B9-773755B75A67}"
EndProject
Project("{FAE04EC0-301F-11D3-BF4B-00C04F79EFBC}") = "Tyuiu.DolgushinVA.Sprint4.Task3.V8.Test", "Tyuiu.DolgushinVA.Sprint4.Task3.V8.Test\Tyuiu.DolgushinVA.Sprint4.Task3.V8.Test.csproj", "{40E881B1-53D7-48F7-A5BB-2214DDF213D1}"
EndProject
Project("{2150E333-8FDC-42A3-9474-1A3956D46DE8}") = "Task4", "Task4", "{64A25C7A-6D8B-464C-831C-5473E3623357}"
EndProject
Project("{FAE04EC0-301F-11D3-BF4B-00C04F79EFBC}") = "Tyuiu.DolgushinVA.Sprint4.Task4.V11", "Tyuiu.DolgushinVA.Sprint4.Task4.V11\Tyuiu.DolgushinVA.Sprint4.Task4.V11.csproj", "{11AABE28-D576-46FB-915D-135695DB56B1}"
EndProject
Project("{FAE04EC0-301F-11D3-BF4B-00C04F79EFBC}") = "Tyuiu.DolgushinVA.Sprint4.Task4.V11.Lib", "Tyuiu.DolgushinVA.Sprint4.Task4.V11.Lib\Tyuiu.DolgushinVA.Sprint4.Task4.V11.Lib.csproj", "{65B7079F-EFF2-4FD9-BCB2-CB6EF6AD97CA}"
EndProject
Project("{FAE04EC0-301F-11D3-BF4B-00C04F79EFBC}") = "Tyuiu.DolgushinVA.Sprint4.Task4.V11.Test", "Tyuiu.DolgushinVA.Sprint4.Task4.V11.Test\Tyuiu.DolgushinVA.Sprint4.Task4.V11.Test.csproj", "{52E6EF2A-1611-42DA-A8F0-635DE09F9E2D}"
EndProject
Project("{2150E333-8FDC-42A3-9474-1A3956D46DE8}") = "Task5", "Task5", "{00527F92-7D84-413D-9FAB-8247E3E6CE54}"
EndProject
Project("{FAE04EC0-301F-11D3-BF4B-00C04F79EFBC}") = "Tyuiu.DolgushinVA.Sprint4.Task5.V18", "Tyuiu.DolgushinVA.Sprint4.Task5.V18\Tyuiu.DolgushinVA.Sprint4.Task5.V18.csproj", "{A254FFB4-C2FD-4310-A3FE-79A633BFE27B}"
EndProject
Project("{FAE04EC0-301F-11D3-BF4B-00C04F79EFBC}") = "Tyuiu.DolgushinVA.Sprint4.Task5.V18.Lib", "Tyuiu.DolgushinVA.Sprint4.Task5.V18.Lib\Tyuiu.DolgushinVA.Sprint4.Task5.V18.Lib.csproj", "{DF233E86-F654-49AC-B479-C3F206F47C9C}"
EndProject
Project("{FAE04EC0-301F-11D3-BF4B-00C04F79EFBC}") = "Tyuiu.DolgushinVA.Sprint4.Task5.V18.Test", "Tyuiu.DolgushinVA.Sprint4.Task5.V18.Test\Tyuiu.DolgushinVA.Sprint4.Task5.V18.Test.csproj", "{A72FEEBF-28CD-4A9F-BE53-C1A417341F8F}"
EndProject
Project("{2150E333-8FDC-42A3-9474-1A3956D46DE8}") = "Task6", "Task6", "{D9F870AF-04A0-47D9-8ECF-12AD28C11A2A}"
EndProject
Project("{FAE04EC0-301F-11D3-BF4B-00C04F79EFBC}") = "Tyuiu.DolgushinVA.Sprint4.Task6.V9", "Tyuiu.DolgushinVA.Sprint4.Task6.V9\Tyuiu.DolgushinVA.Sprint4.Task6.V9.csproj", "{40C87A23-4FC4-463F-A22A-34084B76ACDF}"
EndProject
Project("{FAE04EC0-301F-11D3-BF4B-00C04F79EFBC}") = "Tyuiu.DolgushinVA.Sprint4.Task6.V9.Lib", "Tyuiu.DolgushinVA.Sprint4.Task6.V9.Lib\Tyuiu.DolgushinVA.Sprint4.Task6.V9.Lib.csproj", "{FDC5EA25-7B4E-4A77-9330-337ABC898A7B}"
EndProject
Project("{FAE04EC0-301F-11D3-BF4B-00C04F79EFBC}") = "Tyuiu.DolgushinVA.Sprint4.Task6.V9.Test", "Tyuiu.DolgushinVA.Sprint4.Task6.V9.Test\Tyuiu.DolgushinVA.Sprint4.Task6.V9.Test.csproj", "{E46BB626-C015-487C-B4E0-4110F0D0E1CD}"
EndProject
Project("{2150E333-8FDC-42A3-9474-1A3956D46DE8}") = "Task7", "Task7", "{3F64C79B-095F-43C1-8F23-21C7EE16EBA2}"
EndProject
Project("{FAE04EC0-301F-11D3-BF4B-00C04F79EFBC}") = "Tyuiu.DolgushinVA.Sprint4.Task7.V23", "Tyuiu.DolgushinVA.Sprint4.Task7.V23\Tyuiu.DolgushinVA.Sprint4.Task7.V23.csproj", "{C3B00EC7-0C58-461A-84A3-7907A7DC87AC}"
EndProject
Project("{FAE04EC0-301F-11D3-BF4B-00C04F79EFBC}") = "Tyuiu.DolgushinVA.Sprint4.Task7.V23.Lib", "Tyuiu.DolgushinVA.Sprint4.Task7.V23.Lib\Tyuiu.DolgushinVA.Sprint4.Task7.V23.Lib.csproj", "{6E13605A-D785-4FF5-920D-DBE5C90810D0}"
EndProject
Project("{FAE04EC0-301F-11D3-BF4B-00C04F79EFBC}") = "Tyuiu.DolgushinVA.Sprint4.Task7.V23.Test", "Tyuiu.DolgushinVA.Sprint4.Task7.V23.Test\Tyuiu.DolgushinVA.Sprint4.Task7.V23.Test.csproj", "{47D942E0-FDDF-4DAC-BE39-521B94A9FEC1}"
EndProject
Global
	GlobalSection(SolutionConfigurationPlatforms) = preSolution
		Debug|Any CPU = Debug|Any CPU
		Release|Any CPU = Release|Any CPU
	EndGlobalSection
	GlobalSection(ProjectConfigurationPlatforms) = postSolution
		{8B4268D7-170D-4B94-B98F-2860A4C02DA0}.Debug|Any CPU.ActiveCfg = Debug|Any CPU
		{8B4268D7-170D-4B94-B98F-2860A4C02DA0}.Debug|Any CPU.Build.0 = Debug|Any CPU
		{8B4268D7-170D-4B94-B98F-2860A4C02DA0}.Release|Any CPU.ActiveCfg = Release|Any CPU
		{8B4268D7-170D-4B94-B98F-2860A4C02DA0}.Release|Any CPU.Build.0 = Release|Any CPU
		{66517731-61C0-4128-88E2-27794F03FD46}.Debug|Any CPU.ActiveCfg = Debug|Any CPU
		{66517731-61C0-4128-88E2-27794F03FD46}.Debug|Any CPU.Build.0 = Debug|Any CPU
		{66517731-61C0-4128-88E2-27794F03FD46}.Release|Any CPU.ActiveCfg = Release|Any CPU
		{66517731-61C0-4128-88E2-27794F03FD46}.Release|Any CPU.Build.0 = Release|Any CPU
		{2A6C84AA-3C27-4B9D-B911-F82035C08EDC}.Debug|Any CPU.ActiveCfg = Debug|Any CPU
		{2A6C84AA-3C27-4B9D-B911-F82035C08EDC}.Debug|Any CPU.Build.0 = Debug|Any CPU
		{2A6C84AA-3C27-4B9D-B911-F82035C08EDC}.Release|Any CPU.ActiveCfg = Release|Any CPU
		{2A6C84AA-3C27-4B9D-B911-F82035C08EDC}.Release|Any CPU.Build.0 = Release|Any CPU
		{A2435DEB-B242-406E-861B-C7D81C603F4E}.Debug|Any CPU.ActiveCfg = Debug|Any CPU
		{A2435DEB-B242-406E-861B-C7D81C603F4E}.Debug|Any CPU.Build.0 = Debug|Any CPU
		{A2435DEB-B242-406E-861B-C7D81C603F4E}.Release|Any CPU.ActiveCfg = Release|Any CPU
		{A2435DEB-B242-406E-861B-C7D81C603F4E}.Release|Any CPU.Build.0 = Release|Any CPU
		{66D7EFCE-1E17-40E0-A9F4-8CFE2585E005}.Debug|Any CPU.ActiveCfg = Debug|Any CPU
		{66D7EFCE-1E17-40E0-A9F4-8CFE2585E005}.Debug|Any CPU.Build.0 = Debug|Any CPU
		{66D7EFCE-1E17-40E0-A9F4-8CFE2585E005}.Release|Any CPU.ActiveCfg = Release|Any CPU
		{66D7EFCE-1E17-40E0-A9F4-8CFE2585E005}.Release|Any CPU.Build.0 = Release|Any CPU
		{ACF752B0-1927-498E-9E34-FD4BD3E72FB8}.Debug|Any CPU.ActiveCfg = Debug|Any CPU
		{ACF752B0-1927-498E-9E34-FD4BD3E72FB8}.Debug|Any CPU.Build.0 = Debug|Any CPU
		{ACF752B0-1927-498E-9E34-FD4BD3E72FB8}.Release|Any CPU.ActiveCfg = Release|Any CPU
		{ACF752B0-1927-498E-9E34-FD4BD3E72FB8}.Release|Any CPU.Build.0 = Release|Any CPU
		{151B1019-8429-44CA-B585-A865497FA1B6}.Debug|Any CPU.ActiveCfg = Debug|Any CPU
		{151B1019-8429-44CA-B585-A865497FA1B6}.Debug|Any CPU.Build.0 = Debug|Any CPU
		{151B1019-8429-44CA-B585-A865497FA1B6}.Release|Any CPU.ActiveCfg = Release|Any CPU
		{151B1019-8429-44CA-B585-A865497FA1B6}.Release|Any CPU.Build.0 = Release|Any CPU
		{1E6C6505-9B25-4ACC-8049-22F7A154BE98}.Debug|Any CPU.ActiveCfg = Debug|Any CPU
		{1E6C6505-9B25-4ACC-8049-22F7A154BE98}.Debug|Any CPU.Build.0 = Debug|Any CPU
		{1E6C6505-9B25-4ACC-8049-22F7A154BE98}.Release|Any CPU.ActiveCfg = Release|Any CPU
		{1E6C6505-9B25-4ACC-8049-22F7A154BE98}.Release|Any CPU.Build.0 = Release|Any CPU
		{23038728-E8FE-4F2F-B3CB-1F98CFCD572B}.Debug|Any CPU.ActiveCfg = Debug|Any CPU
		{23038728-E8FE-4F2F-B3CB-1F98CFCD572B}.Debug|Any CPU.Build.0 = Debug|Any CPU
		{23038728-E8FE-4F2F-B3CB-1F98CFCD572B}.Release|Any CPU.ActiveCfg = Release|Any CPU
		{23038728-E8FE-4F2F-B3CB-1F98CFCD572B}.Release|Any CPU.Build.0 = Release|Any CPU
		{64F5CDFC-3263-495E-B3DF-8EB39921D409}.Debug|Any CPU.ActiveCfg = Debug|Any CPU
		{64F5CDFC-3263-495E-B3DF-8EB39921D409}.Debug|Any CPU.Build.0 = Debug|Any CPU
		{64F5CDFC-3263-495E-B3DF-8EB39921D409}.Release|Any CPU.ActiveCfg = Release|Any CPU
		{64F5CDFC-3263-495E-B3DF-8EB39921D409}.Release|Any CPU.Build.0 = Release|Any CPU
		{2AA3D8C9-6E32-40DE-B0B9-773755B75A67}.Debug|Any CPU.ActiveCfg = Debug|Any CPU
		{2AA3D8C9-6E32-40DE-B0B9-773755B75A67}.Debug|Any CPU.Build.0 = Debug|Any CPU
		{2AA3D8C9-6E32-40DE-B0B9-773755B75A67}.Release|Any CPU.ActiveCfg = Release|Any CPU
		{2AA3D8C9-6E32-40DE-B0B9-773755B75A67}.Release|Any CPU.Build.0 = Release|Any CPU
		{40E881B1-53D7-48F7-A5BB-2214DDF213D1}.Debug|Any CPU.ActiveCfg = Debug|Any CPU
		{40E881B1-53D7-48F7-A5BB-2214DDF213D1}.Debug|Any CPU.Build.0 = Debug|Any CPU
		{40E881B1-53D7-48F7-A5BB-2214DDF213D1}.Release|Any CPU.ActiveCfg = Release|Any CPU
		{40E881B1-53D7-48F7-A5BB-2214DDF213D1}.Release|Any CPU.Build.0 = Release|Any CPU
		{11AABE28-D576-46FB-915D-135695DB56B1}.Debug|Any CPU.ActiveCfg = Debug|Any CPU
		{11AABE28-D576-46FB-915D-135695DB56B1}.Debug|Any CPU.Build.0 = Debug|Any CPU
		{11AABE28-D576-46FB-915D-135695DB56B1}.Release|Any CPU.ActiveCfg = Release|Any CPU
		{11AABE28-D576-46FB-915D-135695DB56B1}.Release|Any CPU.Build.0 = Release|Any CPU
		{65B7079F-EFF2-4FD9-BCB2-CB6EF6AD97CA}.Debug|Any CPU.ActiveCfg = Debug|Any CPU
		{65B7079F-EFF2-4FD9-BCB2-CB6EF6AD97CA}.Debug|Any CPU.Build.0 = Debug|Any CPU
		{65B7079F-EFF2-4FD9-BCB2-CB6EF6AD97CA}.Release|Any CPU.ActiveCfg = Release|Any CPU
		{65B7079F-EFF2-4FD9-BCB2-CB6EF6AD97CA}.Release|Any CPU.Build.0 = Release|Any CPU
		{52E6EF2A-1611-42DA-A8F0-635DE09F9E2D}.Debug|Any CPU.ActiveCfg = Debug|Any CPU
		{52E6EF2A-1611-42DA-A8F0-635DE09F9E2D}.Debug|Any CPU.Build.0 = Debug|Any CPU
		{52E6EF2A-1611-42DA-A8F0-635DE09F9E2D}.Release|Any CPU.ActiveCfg = Release|Any CPU
		{52E6EF2A-1611-42DA-A8F0-635DE09F9E2D}.Release|Any CPU.Build.0 = Release|Any CPU
		{A254FFB4-C2FD-4310-A3FE-79A633BFE27B}.Debug|Any CPU.ActiveCfg = Debug|Any CPU
		{A254FFB4-C2FD-4310-A3FE-79A633BFE27B}.Debug|Any CPU.Build.0 = Debug|Any CPU
		{A254FFB4-C2FD-4310-A3FE-79A633BFE27B}.Release|Any CPU.ActiveCfg = Release|Any CPU
		{A254FFB4-C2FD-4310-A3FE-79A633BFE27B}.Release|Any CPU.Build.0 = Release|Any CPU
		{DF233E86-F654-49AC-B479-C3F206F47C9C}.Debug|Any CPU.ActiveCfg = Debug|Any CPU
		{DF233E86-F654-49AC-B479-C3F206F47C9C}.Debug|Any CPU.Build.0 = Debug|Any CPU
		{DF233E86-F654-49AC-B479-C3F206F47C9C}.Release|Any CPU.ActiveCfg = Release|Any CPU
		{DF233E86-F654-49AC-B479-C3F206F47C9C}.Release|Any CPU.Build.0 = Release|Any CPU
		{A72FEEBF-28CD-4A9F-BE53-C1A417341F8F}.Debug|Any CPU.ActiveCfg = Debug|Any CPU
		{A72FEEBF-28CD-4A9F-BE53-C1A417341F8F}.Debug|Any CPU.Build.0 = Debug|Any CPU
		{A72FEEBF-28CD-4A9F-BE53-C1A417341F8F}.Release|Any CPU.ActiveCfg = Release|Any CPU
		{A72FEEBF-28CD-4A9F-BE53-C1A417341F8F}.Release|Any CPU.Build.0 = Release|Any CPU
		{40C87A23-4FC4-463F-A22A-34084B76ACDF}.Debug|Any CPU.ActiveCfg = Debug|Any CPU
		{40C87A23-4FC4-463F-A22A-34084B76ACDF}.Debug|Any CPU.Build.0 = Debug|Any CPU
		{40C87A23-4FC4-463F-A22A-34084B76ACDF}.Release|Any CPU.ActiveCfg = Release|Any CPU
		{40C87A23-4FC4-463F-A22A-34084B76ACDF}.Release|Any CPU.Build.0 = Release|Any CPU
		{FDC5EA25-7B4E-4A77-9330-337ABC898A7B}.Debug|Any CPU.ActiveCfg = Debug|Any CPU
		{FDC5EA25-7B4E-4A77-9330-337ABC898A7B}.Debug|Any CPU.Build.0 = Debug|Any CPU
		{FDC5EA25-7B4E-4A77-9330-337ABC898A7B}.Release|Any CPU.ActiveCfg = Release|Any CPU
		{FDC5EA25-7B4E-4A77-9330-337ABC898A7B}.Release|Any CPU.Build.0 = Release|Any CPU
		{E46BB626-C015-487C-B4E0-4110F0D0E1CD}.Debug|Any CPU.ActiveCfg = Debug|Any CPU
		{E46BB626-C015-487C-B4E0-4110F0D0E1CD}.Debug|Any CPU.Build.0 = Debug|Any CPU
		{E46BB626-C015-487C-B4E0-4110F0D0E1CD}.Release|Any CPU.ActiveCfg = Release|Any CPU
		{E46BB626-C015-487C-B4E0-4110F0D0E1CD}.Release|Any CPU.Build.0 = Release|Any CPU
		{C3B00EC7-0C58-461A-84A3-7907A7DC87AC}.Debug|Any CPU.ActiveCfg = Debug|Any CPU
		{C3B00EC7-0C58-461A-84A3-7907A7DC87AC}.Debug|Any CPU.Build.0 = Debug|Any CPU
		{C3B00EC7-0C58-461A-84A3-7907A7DC87AC}.Release|Any CPU.ActiveCfg = Release|Any CPU
		{C3B00EC7-0C58-461A-84A3-7907A7DC87AC}.Release|Any CPU.Build.0 = Release|Any CPU
		{6E13605A-D785-4FF5-920D-DBE5C90810D0}.Debug|Any CPU.ActiveCfg = Debug|Any CPU
		{6E13605A-D785-4FF5-920D-DBE5C90810D0}.Debug|Any CPU.Build.0 = Debug|Any CPU
		{6E13605A-D785-4FF5-920D-DBE5C90810D0}.Release|Any CPU.ActiveCfg = Release|Any CPU
		{6E13605A-D785-4FF5-920D-DBE5C90810D0}.Release|Any CPU.Build.0 = Release|Any CPU
		{47D942E0-FDDF-4DAC-BE39-521B94A9FEC1}.Debug|Any CPU.ActiveCfg = Debug|Any CPU
		{47D942E0-FDDF-4DAC-BE39-521B94A9FEC1}.Debug|Any CPU.Build.0 = Debug|Any CPU
		{47D942E0-FDDF-4DAC-BE39-521B94A9FEC1}.Release|Any CPU.ActiveCfg = Release|Any CPU
		{47D942E0-FDDF-4DAC-BE39-521B94A9FEC1}.Release|Any CPU.Build.0 = Release|Any CPU
	EndGlobalSection
	GlobalSection(SolutionProperties) = preSolution
		HideSolutionNode = FALSE
	EndGlobalSection
	GlobalSection(NestedProjects) = preSolution
		{8B4268D7-170D-4B94-B98F-2860A4C02DA0} = {E46E4B3F-A03B-436A-B3E3-B05AA6DF3245}
		{66517731-61C0-4128-88E2-27794F03FD46} = {E46E4B3F-A03B-436A-B3E3-B05AA6DF3245}
		{2A6C84AA-3C27-4B9D-B911-F82035C08EDC} = {E46E4B3F-A03B-436A-B3E3-B05AA6DF3245}
		{A2435DEB-B242-406E-861B-C7D81C603F4E} = {9DAC9C6E-012D-4CAF-841C-2BEB0375B9B7}
		{66D7EFCE-1E17-40E0-A9F4-8CFE2585E005} = {9DAC9C6E-012D-4CAF-841C-2BEB0375B9B7}
		{ACF752B0-1927-498E-9E34-FD4BD3E72FB8} = {9DAC9C6E-012D-4CAF-841C-2BEB0375B9B7}
		{151B1019-8429-44CA-B585-A865497FA1B6} = {D03DD4D4-4427-420F-B2CC-2FB85064C3D3}
		{1E6C6505-9B25-4ACC-8049-22F7A154BE98} = {D03DD4D4-4427-420F-B2CC-2FB85064C3D3}
		{23038728-E8FE-4F2F-B3CB-1F98CFCD572B} = {D03DD4D4-4427-420F-B2CC-2FB85064C3D3}
		{64F5CDFC-3263-495E-B3DF-8EB39921D409} = {F6E8DBEF-5E53-40EF-A6EF-B17E70150CFE}
		{2AA3D8C9-6E32-40DE-B0B9-773755B75A67} = {F6E8DBEF-5E53-40EF-A6EF-B17E70150CFE}
		{40E881B1-53D7-48F7-A5BB-2214DDF213D1} = {F6E8DBEF-5E53-40EF-A6EF-B17E70150CFE}
		{11AABE28-D576-46FB-915D-135695DB56B1} = {64A25C7A-6D8B-464C-831C-5473E3623357}
		{65B7079F-EFF2-4FD9-BCB2-CB6EF6AD97CA} = {64A25C7A-6D8B-464C-831C-5473E3623357}
		{52E6EF2A-1611-42DA-A8F0-635DE09F9E2D} = {64A25C7A-6D8B-464C-831C-5473E3623357}
		{A254FFB4-C2FD-4310-A3FE-79A633BFE27B} = {00527F92-7D84-413D-9FAB-8247E3E6CE54}
		{DF233E86-F654-49AC-B479-C3F206F47C9C} = {00527F92-7D84-413D-9FAB-8247E3E6CE54}
		{A72FEEBF-28CD-4A9F-BE53-C1A417341F8F} = {00527F92-7D84-413D-9FAB-8247E3E6CE54}
		{40C87A23-4FC4-463F-A22A-34084B76ACDF} = {D9F870AF-04A0-47D9-8ECF-12AD28C11A2A}
		{FDC5EA25-7B4E-4A77-9330-337ABC898A7B} = {D9F870AF-04A0-47D9-8ECF-12AD28C11A2A}
		{E46BB626-C015-487C-B4E0-4110F0D0E1CD} = {D9F870AF-04A0-47D9-8ECF-12AD28C11A2A}
		{C3B00EC7-0C58-461A-84A3-7907A7DC87AC} = {3F64C79B-095F-43C1-8F23-21C7EE16EBA2}
		{6E13605A-D785-4FF5-920D-DBE5C90810D0} = {3F64C79B-095F-43C1-8F23-21C7EE16EBA2}
		{47D942E0-FDDF-4DAC-BE39-521B94A9FEC1} = {3F64C79B-095F-43C1-8F23-21C7EE16EBA2}
	EndGlobalSection
	GlobalSection(ExtensibilityGlobals) = postSolution
		SolutionGuid = {C757F9C5-B22C-4919-BB74-9EF5E46E1258}
	EndGlobalSection
EndGlobal
